
Microsoft Visual Studio Solution File, Format Version 12.00
# Visual Studio Version 16
VisualStudioVersion = 16.0.31702.278
MinimumVisualStudioVersion = 10.0.40219.1
Project("{9A19103F-16F7-4668-BE54-9A1E7A4F7556}") = "TaskLibrary", "TaskLibrary.csproj", "{997EB107-B8C0-4E6F-B097-5651A6CB4209}"
EndProject
Project("{9A19103F-16F7-4668-BE54-9A1E7A4F7556}") = "AlgoritmQuests", "..\AlgoritmQuests\AlgoritmQuests.csproj", "{197E08E2-F2B3-4704-8448-E080797E2D2A}"
EndProject
Global
	GlobalSection(SolutionConfigurationPlatforms) = preSolution
		Debug|Any CPU = Debug|Any CPU
		Release|Any CPU = Release|Any CPU
	EndGlobalSection
	GlobalSection(ProjectConfigurationPlatforms) = postSolution
		{997EB107-B8C0-4E6F-B097-5651A6CB4209}.Debug|Any CPU.ActiveCfg = Debug|Any CPU
		{997EB107-B8C0-4E6F-B097-5651A6CB4209}.Debug|Any CPU.Build.0 = Debug|Any CPU
		{997EB107-B8C0-4E6F-B097-5651A6CB4209}.Release|Any CPU.ActiveCfg = Release|Any CPU
		{997EB107-B8C0-4E6F-B097-5651A6CB4209}.Release|Any CPU.Build.0 = Release|Any CPU
		{197E08E2-F2B3-4704-8448-E080797E2D2A}.Debug|Any CPU.ActiveCfg = Debug|Any CPU
		{197E08E2-F2B3-4704-8448-E080797E2D2A}.Debug|Any CPU.Build.0 = Debug|Any CPU
		{197E08E2-F2B3-4704-8448-E080797E2D2A}.Release|Any CPU.ActiveCfg = Release|Any CPU
		{197E08E2-F2B3-4704-8448-E080797E2D2A}.Release|Any CPU.Build.0 = Release|Any CPU
	EndGlobalSection
	GlobalSection(SolutionProperties) = preSolution
		HideSolutionNode = FALSE
	EndGlobalSection
	GlobalSection(ExtensibilityGlobals) = postSolution
		SolutionGuid = {6F000890-859C-41E8-989F-52C7BF88129A}
	EndGlobalSection
EndGlobal
